# THIS IS AN AUTOGENERATED FILE. DO NOT EDIT THIS FILE DIRECTLY.
# yarn lockfile v1


archiver-utils@~0.3.0:
  version "0.3.0"
  resolved "https://registry.yarnpkg.com/archiver-utils/-/archiver-utils-0.3.0.tgz#9d85340892fe9e7c6c1b1b6af3c33692cf595b70"
  dependencies:
    glob "~6.0.0"
    lazystream "~0.1.0"
    lodash "~3.10.0"
    normalize-path "~2.0.0"
    readable-stream "~2.0.0"

archiver@^0.21.0:
  version "0.21.0"
  resolved "https://registry.yarnpkg.com/archiver/-/archiver-0.21.0.tgz#129da0c8eae1a9bf08a012d8a4e2043a1e2909ce"
  dependencies:
    archiver-utils "~0.3.0"
    async "~1.5.0"
    buffer-crc32 "~0.2.1"
    glob "~6.0.0"
    lodash "~3.10.0"
    readable-stream "~2.0.0"
    tar-stream "~1.3.1"
    zip-stream "~0.8.0"

asap@~2.0.3:
  version "2.0.5"
  resolved "https://registry.yarnpkg.com/asap/-/asap-2.0.5.tgz#522765b50c3510490e52d7dcfe085ef9ba96958f"

async@^0.9.0:
  version "0.9.2"
  resolved "https://registry.yarnpkg.com/async/-/async-0.9.2.tgz#aea74d5e61c1f899613bf64bda66d4c78f2fd17d"

async@~1.5.0:
  version "1.5.2"
  resolved "https://registry.yarnpkg.com/async/-/async-1.5.2.tgz#ec6a61ae56480c0c3cb241c95618e20892f9672a"

balanced-match@^0.4.1:
  version "0.4.2"
  resolved "https://registry.yarnpkg.com/balanced-match/-/balanced-match-0.4.2.tgz#cb3f3e3c732dc0f01ee70b403f302e61d7709838"

bestzip@1.1.3:
  version "1.1.3"
  resolved "https://registry.yarnpkg.com/bestzip/-/bestzip-1.1.3.tgz#67ae781a509d30d0640c9092ea97efaec0c6f674"
  dependencies:
    archiver "^0.21.0"
    async "^0.9.0"
    concat-stream "^1.4.6"
    yargs "^1.3.2"

bl@^1.0.0:
  version "1.2.0"
  resolved "https://registry.yarnpkg.com/bl/-/bl-1.2.0.tgz#1397e7ec42c5f5dc387470c500e34a9f6be9ea98"
  dependencies:
    readable-stream "^2.0.5"

bluebird@3.4.6:
  version "3.4.6"
  resolved "https://registry.yarnpkg.com/bluebird/-/bluebird-3.4.6.tgz#01da8d821d87813d158967e743d5fe6c62cf8c0f"

brace-expansion@^1.0.0:
  version "1.1.6"
  resolved "https://registry.yarnpkg.com/brace-expansion/-/brace-expansion-1.1.6.tgz#7197d7eaa9b87e648390ea61fc66c84427420df9"
  dependencies:
    balanced-match "^0.4.1"
    concat-map "0.0.1"

buffer-crc32@~0.2.1:
  version "0.2.13"
  resolved "https://registry.yarnpkg.com/buffer-crc32/-/buffer-crc32-0.2.13.tgz#0d333e3f00eac50aa1454abd30ef8c2a5d9a7242"

buffer-shims@^1.0.0:
  version "1.0.0"
  resolved "https://registry.yarnpkg.com/buffer-shims/-/buffer-shims-1.0.0.tgz#9978ce317388c649ad8793028c3477ef044a8b51"

compress-commons@~0.4.0:
  version "0.4.2"
  resolved "https://registry.yarnpkg.com/compress-commons/-/compress-commons-0.4.2.tgz#1a0847489f0d713d0dd76343c0c2d055dc9cd892"
  dependencies:
    buffer-crc32 "~0.2.1"
    crc32-stream "~0.4.0"
    node-int64 "~0.4.0"
    normalize-path "~2.0.0"
    readable-stream "~2.0.0"

concat-map@0.0.1:
  version "0.0.1"
  resolved "https://registry.yarnpkg.com/concat-map/-/concat-map-0.0.1.tgz#d8a96bd77fd68df7793a73036a3ba0d5405d477b"

concat-stream@^1.4.6:
  version "1.6.0"
  resolved "https://registry.yarnpkg.com/concat-stream/-/concat-stream-1.6.0.tgz#0aac662fd52be78964d5532f694784e70110acf7"
  dependencies:
    inherits "^2.0.3"
    readable-stream "^2.2.2"
    typedarray "^0.0.6"

core-js@^1.0.0:
  version "1.2.7"
  resolved "https://registry.yarnpkg.com/core-js/-/core-js-1.2.7.tgz#652294c14651db28fa93bd2d5ff2983a4f08c636"

core-util-is@~1.0.0:
  version "1.0.2"
  resolved "https://registry.yarnpkg.com/core-util-is/-/core-util-is-1.0.2.tgz#b5fd54220aa2bc5ab57aab7140c940754503c1a7"

crc32-stream@~0.4.0:
  version "0.4.0"
  resolved "https://registry.yarnpkg.com/crc32-stream/-/crc32-stream-0.4.0.tgz#b54d4c6eefd35b53e653d062b306edc6316ae26d"
  dependencies:
    buffer-crc32 "~0.2.1"
    readable-stream "~2.0.0"

encoding@^0.1.11:
  version "0.1.12"
  resolved "https://registry.yarnpkg.com/encoding/-/encoding-0.1.12.tgz#538b66f3ee62cd1ab51ec323829d1f9480c74beb"
  dependencies:
    iconv-lite "~0.4.13"

end-of-stream@^1.0.0:
  version "1.1.0"
  resolved "https://registry.yarnpkg.com/end-of-stream/-/end-of-stream-1.1.0.tgz#e9353258baa9108965efc41cb0ef8ade2f3cfb07"
  dependencies:
    once "~1.3.0"

fbjs@^0.8.1, fbjs@^0.8.4:
  version "0.8.9"
  resolved "https://registry.yarnpkg.com/fbjs/-/fbjs-0.8.9.tgz#180247fbd347dcc9004517b904f865400a0c8f14"
  dependencies:
    core-js "^1.0.0"
    isomorphic-fetch "^2.1.1"
    loose-envify "^1.0.0"
    object-assign "^4.1.0"
    promise "^7.1.1"
    setimmediate "^1.0.5"
    ua-parser-js "^0.7.9"

filesize@3.3.0:
  version "3.3.0"
  resolved "https://registry.yarnpkg.com/filesize/-/filesize-3.3.0.tgz#53149ea3460e3b2e024962a51648aa572cf98122"

font-awesome@4.6.3:
  version "4.6.3"
  resolved "https://registry.yarnpkg.com/font-awesome/-/font-awesome-4.6.3.tgz#86933651540ee00874c664017f50f2172f6531a2"

giu@0.8.1:
  version "0.8.1"
  resolved "https://registry.yarnpkg.com/giu/-/giu-0.8.1.tgz#6b8168001e14732f173f17c9e747e5903e0f72a1"
  dependencies:
    filesize "3.3.0"
    font-awesome "4.6.3"
    keycode "2.1.1"
    lodash "4.15.0"
    react-sortable-hoc "0.0.8"
    redux "3.5.2"
    redux-thunk "2.1.0"
    timm "1.0.0"
    tinycolor2 "1.4.1"
    unorm "1.4.1"

glob@~6.0.0:
  version "6.0.4"
  resolved "https://registry.yarnpkg.com/glob/-/glob-6.0.4.tgz#0f08860f6a155127b2fadd4f9ce24b1aab6e4d22"
  dependencies:
    inflight "^1.0.4"
    inherits "2"
    minimatch "2 || 3"
    once "^1.3.0"
    path-is-absolute "^1.0.0"

hoist-non-react-statics@^1.0.3:
  version "1.2.0"
  resolved "https://registry.yarnpkg.com/hoist-non-react-statics/-/hoist-non-react-statics-1.2.0.tgz#aa448cf0986d55cc40773b17174b7dd066cb7cfb"

iconv-lite@~0.4.13:
  version "0.4.15"
  resolved "https://registry.yarnpkg.com/iconv-lite/-/iconv-lite-0.4.15.tgz#fe265a218ac6a57cfe854927e9d04c19825eddeb"

inflight@^1.0.4:
  version "1.0.6"
  resolved "https://registry.yarnpkg.com/inflight/-/inflight-1.0.6.tgz#49bd6331d7d02d0c09bc910a1075ba8165b56df9"
  dependencies:
    once "^1.3.0"
    wrappy "1"

inherits@2, inherits@^2.0.3, inherits@~2.0.1:
  version "2.0.3"
  resolved "https://registry.yarnpkg.com/inherits/-/inherits-2.0.3.tgz#633c2c83e3da42a502f52466022480f4208261de"

invariant@^2.0.0, invariant@^2.2.1:
  version "2.2.2"
  resolved "https://registry.yarnpkg.com/invariant/-/invariant-2.2.2.tgz#9e1f56ac0acdb6bf303306f338be3b204ae60360"
  dependencies:
    loose-envify "^1.0.0"

is-stream@^1.0.1:
  version "1.1.0"
  resolved "https://registry.yarnpkg.com/is-stream/-/is-stream-1.1.0.tgz#12d4a3dd4e68e0b79ceb8dbc84173ae80d91ca44"

isarray@0.0.1:
  version "0.0.1"
  resolved "https://registry.yarnpkg.com/isarray/-/isarray-0.0.1.tgz#8a18acfca9a8f4177e09abfc6038939b05d1eedf"

isarray@~1.0.0:
  version "1.0.0"
  resolved "https://registry.yarnpkg.com/isarray/-/isarray-1.0.0.tgz#bb935d48582cba168c06834957a54a3e07124f11"

isomorphic-fetch@^2.1.1:
  version "2.2.1"
  resolved "https://registry.yarnpkg.com/isomorphic-fetch/-/isomorphic-fetch-2.2.1.tgz#611ae1acf14f5e81f729507472819fe9733558a9"
  dependencies:
    node-fetch "^1.0.1"
    whatwg-fetch ">=0.10.0"

js-tokens@^3.0.0:
  version "3.0.1"
  resolved "https://registry.yarnpkg.com/js-tokens/-/js-tokens-3.0.1.tgz#08e9f132484a2c45a30907e9dc4d5567b7f114d7"

keycode@2.1.1:
  version "2.1.1"
  resolved "https://registry.yarnpkg.com/keycode/-/keycode-2.1.1.tgz#d9027a47934756c2b70d1b82b2f74eeccf30f9bc"

lazystream@~0.1.0:
  version "0.1.0"
  resolved "https://registry.yarnpkg.com/lazystream/-/lazystream-0.1.0.tgz#1b25d63c772a4c20f0a5ed0a9d77f484b6e16920"
  dependencies:
    readable-stream "~1.0.2"

lodash-es@^4.2.1:
  version "4.17.4"
  resolved "https://registry.yarnpkg.com/lodash-es/-/lodash-es-4.17.4.tgz#dcc1d7552e150a0640073ba9cb31d70f032950e7"

lodash@4.15.0, lodash@^4.12.0, lodash@^4.2.0, lodash@^4.2.1:
  version "4.15.0"
  resolved "https://registry.yarnpkg.com/lodash/-/lodash-4.15.0.tgz#3162391d8f0140aa22cf8f6b3c34d6b7f63d3aa9"

lodash@~3.10.0, lodash@~3.10.1:
  version "3.10.1"
  resolved "https://registry.yarnpkg.com/lodash/-/lodash-3.10.1.tgz#5bf45e8e49ba4189e17d482789dfd15bd140b7b6"

loose-envify@^1.0.0, loose-envify@^1.1.0:
  version "1.3.1"
  resolved "https://registry.yarnpkg.com/loose-envify/-/loose-envify-1.3.1.tgz#d1a8ad33fa9ce0e713d65fdd0ac8b748d478c848"
  dependencies:
    js-tokens "^3.0.0"

"minimatch@2 || 3":
  version "3.0.3"
  resolved "https://registry.yarnpkg.com/minimatch/-/minimatch-3.0.3.tgz#2a4e4090b96b2db06a9d7df01055a62a77c9b774"
  dependencies:
    brace-expansion "^1.0.0"

moment@2.17.1:
  version "2.17.1"
  resolved "https://registry.yarnpkg.com/moment/-/moment-2.17.1.tgz#fed9506063f36b10f066c8b59a144d7faebe1d82"

node-fetch@^1.0.1:
  version "1.6.3"
  resolved "https://registry.yarnpkg.com/node-fetch/-/node-fetch-1.6.3.tgz#dc234edd6489982d58e8f0db4f695029abcd8c04"
  dependencies:
    encoding "^0.1.11"
    is-stream "^1.0.1"

node-int64@~0.4.0:
  version "0.4.0"
  resolved "https://registry.yarnpkg.com/node-int64/-/node-int64-0.4.0.tgz#87a9065cdb355d3182d8f94ce11188b825c68a3b"

normalize-path@~2.0.0:
  version "2.0.1"
  resolved "https://registry.yarnpkg.com/normalize-path/-/normalize-path-2.0.1.tgz#47886ac1662760d4261b7d979d241709d3ce3f7a"

object-assign@^4.1.0:
  version "4.1.1"
  resolved "https://registry.yarnpkg.com/object-assign/-/object-assign-4.1.1.tgz#2109adc7965887cfc05cbbd442cac8bfbb360863"

once@^1.3.0:
  version "1.4.0"
  resolved "https://registry.yarnpkg.com/once/-/once-1.4.0.tgz#583b1aa775961d4b113ac17d9c50baef9dd76bd1"
  dependencies:
    wrappy "1"

once@~1.3.0:
  version "1.3.3"
  resolved "https://registry.yarnpkg.com/once/-/once-1.3.3.tgz#b2e261557ce4c314ec8304f3fa82663e4297ca20"
  dependencies:
    wrappy "1"

path-is-absolute@^1.0.0:
  version "1.0.1"
  resolved "https://registry.yarnpkg.com/path-is-absolute/-/path-is-absolute-1.0.1.tgz#174b9268735534ffbc7ace6bf53a5a9e1b5c5f5f"

process-nextick-args@~1.0.6:
  version "1.0.7"
  resolved "https://registry.yarnpkg.com/process-nextick-args/-/process-nextick-args-1.0.7.tgz#150e20b756590ad3f91093f25a4f2ad8bff30ba3"

promise@^7.1.1:
  version "7.1.1"
  resolved "https://registry.yarnpkg.com/promise/-/promise-7.1.1.tgz#489654c692616b8aa55b0724fa809bb7db49c5bf"
  dependencies:
    asap "~2.0.3"

react-addons-perf@15.4.1:
  version "15.4.1"
  resolved "https://registry.yarnpkg.com/react-addons-perf/-/react-addons-perf-15.4.1.tgz#c6dd5a7011f43cd3222f47b7cb1aebe9d4174cb0"

react-dom@15.4.1:
  version "15.4.1"
  resolved "https://registry.yarnpkg.com/react-dom/-/react-dom-15.4.1.tgz#d54c913261aaedb17adc20410d029dcc18a1344a"
  dependencies:
    fbjs "^0.8.1"
    loose-envify "^1.1.0"
    object-assign "^4.1.0"

react-redux@4.4.6:
  version "4.4.6"
  resolved "https://registry.yarnpkg.com/react-redux/-/react-redux-4.4.6.tgz#4b9d32985307a11096a2dd61561980044fcc6209"
  dependencies:
    hoist-non-react-statics "^1.0.3"
    invariant "^2.0.0"
    lodash "^4.2.0"
    loose-envify "^1.1.0"

react-sortable-hoc@0.0.8:
  version "0.0.8"
  resolved "https://registry.yarnpkg.com/react-sortable-hoc/-/react-sortable-hoc-0.0.8.tgz#12f388179ec50c812e2fe5edfbc5ce57e6bfd83c"
  dependencies:
    invariant "^2.2.1"
    lodash "^4.12.0"

react-test-renderer@15.4.1:
  version "15.4.1"
  resolved "https://registry.yarnpkg.com/react-test-renderer/-/react-test-renderer-15.4.1.tgz#e38cd7057868d4a655d3764689735b4b97260706"

react@15.4.1:
  version "15.4.1"
  resolved "https://registry.yarnpkg.com/react/-/react-15.4.1.tgz#498e918602677a3983cd0fd206dfe700389a0dd6"
  dependencies:
    fbjs "^0.8.4"
    loose-envify "^1.1.0"
    object-assign "^4.1.0"

readable-stream@^2.0.0, readable-stream@^2.0.5, readable-stream@^2.2.2:
  version "2.2.2"
  resolved "https://registry.yarnpkg.com/readable-stream/-/readable-stream-2.2.2.tgz#a9e6fec3c7dda85f8bb1b3ba7028604556fc825e"
  dependencies:
    buffer-shims "^1.0.0"
    core-util-is "~1.0.0"
    inherits "~2.0.1"
    isarray "~1.0.0"
    process-nextick-args "~1.0.6"
    string_decoder "~0.10.x"
    util-deprecate "~1.0.1"

readable-stream@~1.0.2:
  version "1.0.34"
  resolved "https://registry.yarnpkg.com/readable-stream/-/readable-stream-1.0.34.tgz#125820e34bc842d2f2aaafafe4c2916ee32c157c"
  dependencies:
    core-util-is "~1.0.0"
    inherits "~2.0.1"
    isarray "0.0.1"
    string_decoder "~0.10.x"

readable-stream@~2.0.0:
  version "2.0.6"
  resolved "https://registry.yarnpkg.com/readable-stream/-/readable-stream-2.0.6.tgz#8f90341e68a53ccc928788dacfcd11b36eb9b78e"
  dependencies:
    core-util-is "~1.0.0"
    inherits "~2.0.1"
    isarray "~1.0.0"
    process-nextick-args "~1.0.6"
    string_decoder "~0.10.x"
    util-deprecate "~1.0.1"

redux-logger@2.6.1:
  version "2.6.1"
  resolved "https://registry.yarnpkg.com/redux-logger/-/redux-logger-2.6.1.tgz#f558a40e3abd03feaf4e69ace4d71fec09803c74"

redux-saga@0.9.4:
  version "0.9.4"
  resolved "https://registry.yarnpkg.com/redux-saga/-/redux-saga-0.9.4.tgz#bddbf37576c1433143a8a40665dee7211fa2d79f"

redux-thunk@2.1.0:
  version "2.1.0"
  resolved "https://registry.yarnpkg.com/redux-thunk/-/redux-thunk-2.1.0.tgz#c724bfee75dbe352da2e3ba9bc14302badd89a98"

redux@3.5.2:
  version "3.5.2"
  resolved "https://registry.yarnpkg.com/redux/-/redux-3.5.2.tgz#4533745e970b647ec26066a83aa30e9e26faf843"
  dependencies:
    lodash "^4.2.1"
    lodash-es "^4.2.1"
    loose-envify "^1.1.0"
    symbol-observable "^0.2.3"

redux@3.6.0:
  version "3.6.0"
  resolved "https://registry.yarnpkg.com/redux/-/redux-3.6.0.tgz#887c2b3d0b9bd86eca2be70571c27654c19e188d"
  dependencies:
    lodash "^4.2.1"
    lodash-es "^4.2.1"
    loose-envify "^1.1.0"
    symbol-observable "^1.0.2"

setimmediate@^1.0.5:
  version "1.0.5"
  resolved "https://registry.yarnpkg.com/setimmediate/-/setimmediate-1.0.5.tgz#290cbb232e306942d7d7ea9b83732ab7856f8285"

string_decoder@~0.10.x:
  version "0.10.31"
  resolved "https://registry.yarnpkg.com/string_decoder/-/string_decoder-0.10.31.tgz#62e203bc41766c6c28c9fc84301dab1c5310fa94"

symbol-observable@^0.2.3:
  version "0.2.4"
  resolved "https://registry.yarnpkg.com/symbol-observable/-/symbol-observable-0.2.4.tgz#95a83db26186d6af7e7a18dbd9760a2f86d08f40"

symbol-observable@^1.0.2:
  version "1.0.4"
  resolved "https://registry.yarnpkg.com/symbol-observable/-/symbol-observable-1.0.4.tgz#29bf615d4aa7121bdd898b22d4b3f9bc4e2aa03d"

tar-stream@~1.3.1:
  version "1.3.2"
  resolved "https://registry.yarnpkg.com/tar-stream/-/tar-stream-1.3.2.tgz#724d1ab4801c9b3149cdea765fe8c90ea71f6606"
  dependencies:
    bl "^1.0.0"
    end-of-stream "^1.0.0"
    readable-stream "^2.0.0"
    xtend "^4.0.0"

timm@1.0.0:
  version "1.0.0"
  resolved "https://registry.yarnpkg.com/timm/-/timm-1.0.0.tgz#bef2179ecc129d4004bc546c5dcb2416b5295ef8"

timm@^1.2.3:
  version "1.2.3"
  resolved "https://registry.yarnpkg.com/timm/-/timm-1.2.3.tgz#77d37f43bb5f61a3736235ac392044fc2359c4b1"

tinycolor2@1.4.1:
  version "1.4.1"
  resolved "https://registry.yarnpkg.com/tinycolor2/-/tinycolor2-1.4.1.tgz#f4fad333447bc0b07d4dc8e9209d8f39a8ac77e8"

typedarray@^0.0.6:
  version "0.0.6"
  resolved "https://registry.yarnpkg.com/typedarray/-/typedarray-0.0.6.tgz#867ac74e3864187b1d3d47d996a78ec5c8830777"

ua-parser-js@^0.7.9:
  version "0.7.12"
  resolved "https://registry.yarnpkg.com/ua-parser-js/-/ua-parser-js-0.7.12.tgz#04c81a99bdd5dc52263ea29d24c6bf8d4818a4bb"

unorm@1.4.1:
  version "1.4.1"
  resolved "https://registry.yarnpkg.com/unorm/-/unorm-1.4.1.tgz#364200d5f13646ca8bcd44490271335614792300"

util-deprecate@~1.0.1:
  version "1.0.2"
  resolved "https://registry.yarnpkg.com/util-deprecate/-/util-deprecate-1.0.2.tgz#450d4dc9fa70de732762fbd2d4a28981419a0ccf"

whatwg-fetch@>=0.10.0:
  version "2.0.2"
  resolved "https://registry.yarnpkg.com/whatwg-fetch/-/whatwg-fetch-2.0.2.tgz#fe294d1d89e36c5be8b3195057f2e4bc74fc980e"

wrappy@1:
  version "1.0.2"
  resolved "https://registry.yarnpkg.com/wrappy/-/wrappy-1.0.2.tgz#b5243d8f3ec1aa35f1364605bc0d1036e30ab69f"

xtend@^4.0.0:
  version "4.0.1"
  resolved "https://registry.yarnpkg.com/xtend/-/xtend-4.0.1.tgz#a5c6d532be656e23db820efb943a1f04998d63af"

yargs@^1.3.2:
  version "1.3.3"
  resolved "https://registry.yarnpkg.com/yargs/-/yargs-1.3.3.tgz#054de8b61f22eefdb7207059eaef9d6b83fb931a"

zip-stream@~0.8.0:
  version "0.8.0"
  resolved "https://registry.yarnpkg.com/zip-stream/-/zip-stream-0.8.0.tgz#236b2fe25823cb4f48e8336f5bfa743aa5ae9dbd"
  dependencies:
    archiver-utils "~0.3.0"
    compress-commons "~0.4.0"
    lodash "~3.10.1"
    readable-stream "~2.0.0"
