# THIS IS AN AUTOGENERATED FILE. DO NOT EDIT THIS FILE DIRECTLY.
# yarn lockfile v1


bluebird@3.4.7:
  version "3.4.7"
  resolved "https://registry.yarnpkg.com/bluebird/-/bluebird-3.4.7.tgz#f72d760be09b7f76d08ed8fae98b289a8d05fab3"

timm@^1.2.3:
  version "1.2.3"
  resolved "https://registry.yarnpkg.com/timm/-/timm-1.2.3.tgz#77d37f43bb5f61a3736235ac392044fc2359c4b1"
