# THIS IS AN AUTOGENERATED FILE. DO NOT EDIT THIS FILE DIRECTLY.
# yarn lockfile v1


async-kit@^2.2.3:
  version "2.2.3"
  resolved "https://registry.yarnpkg.com/async-kit/-/async-kit-2.2.3.tgz#264751a279ddc5f59b419638b805ae2c49858fb7"
  dependencies:
    nextgen-events "^0.9.0"
    tree-kit "^0.5.26"

nextgen-events@^0.9.0, nextgen-events@^0.9.8:
  version "0.9.8"
  resolved "https://registry.yarnpkg.com/nextgen-events/-/nextgen-events-0.9.8.tgz#ed1712c2b37dad55407b3e941672d1568c3a4630"

string-kit@^0.5.12:
  version "0.5.15"
  resolved "https://registry.yarnpkg.com/string-kit/-/string-kit-0.5.15.tgz#02cb7718c91ed750c242f969bcbdc0a3a8218732"
  dependencies:
    tree-kit "^0.5.24"

terminal-kit@^0.26.1:
  version "0.26.1"
  resolved "https://registry.yarnpkg.com/terminal-kit/-/terminal-kit-0.26.1.tgz#142d960c98b3afc8e800fe5ebdf9cbbea6abdfa1"
  dependencies:
    async-kit "^2.2.3"
    nextgen-events "^0.9.8"
    string-kit "^0.5.12"
    tree-kit "^0.5.26"

timm@^1.2.3:
  version "1.2.3"
  resolved "https://registry.yarnpkg.com/timm/-/timm-1.2.3.tgz#77d37f43bb5f61a3736235ac392044fc2359c4b1"

tree-kit@^0.5.24, tree-kit@^0.5.26:
  version "0.5.26"
  resolved "https://registry.yarnpkg.com/tree-kit/-/tree-kit-0.5.26.tgz#8571c86fa24d1db754e5b0cb3a7e09f41e74a8df"
